
Microsoft Visual Studio Solution File, Format Version 12.00
# Visual Studio 15
VisualStudioVersion = 15.0.28307.329
MinimumVisualStudioVersion = 10.0.40219.1
Project("{FAE04EC0-301F-11D3-BF4B-00C04F79EFBC}") = "OOP_Lab9", "OOP_Lab9\OOP_Lab9.csproj", "{BBC89676-82DE-4594-946D-56894B5592D6}"
EndProject
Global
	GlobalSection(SolutionConfigurationPlatforms) = preSolution
		Debug|Any CPU = Debug|Any CPU
		Release|Any CPU = Release|Any CPU
	EndGlobalSection
	GlobalSection(ProjectConfigurationPlatforms) = postSolution
		{BBC89676-82DE-4594-946D-56894B5592D6}.Debug|Any CPU.ActiveCfg = Debug|Any CPU
		{BBC89676-82DE-4594-946D-56894B5592D6}.Debug|Any CPU.Build.0 = Debug|Any CPU
		{BBC89676-82DE-4594-946D-56894B5592D6}.Release|Any CPU.ActiveCfg = Release|Any CPU
		{BBC89676-82DE-4594-946D-56894B5592D6}.Release|Any CPU.Build.0 = Release|Any CPU
	EndGlobalSection
	GlobalSection(SolutionProperties) = preSolution
		HideSolutionNode = FALSE
	EndGlobalSection
	GlobalSection(ExtensibilityGlobals) = postSolution
		SolutionGuid = {5168E475-2F38-4BBB-B92B-8157645FBCDB}
	EndGlobalSection
EndGlobal
